
Microsoft Visual Studio Solution File, Format Version 12.00
# Visual Studio Version 17
VisualStudioVersion = 17.6.33829.357
MinimumVisualStudioVersion = 10.0.40219.1
Project("{9A19103F-16F7-4668-BE54-9A1E7A4F7556}") = "InfoTracksApp", "InfoTracksApp\InfoTracksApp.csproj", "{7BE12FCB-2DF5-43AD-A9E9-8526B73A2080}"
EndProject
Project("{FAE04EC0-301F-11D3-BF4B-00C04F79EFBC}") = "UnitTesting", "UnitTesting\UnitTesting.csproj", "{F095C3BA-727D-4A31-9B49-4573F89CCC59}"
EndProject
Global
	GlobalSection(SolutionConfigurationPlatforms) = preSolution
		Debug|Any CPU = Debug|Any CPU
		Release|Any CPU = Release|Any CPU
	EndGlobalSection
	GlobalSection(ProjectConfigurationPlatforms) = postSolution
		{7BE12FCB-2DF5-43AD-A9E9-8526B73A2080}.Debug|Any CPU.ActiveCfg = Debug|Any CPU
		{7BE12FCB-2DF5-43AD-A9E9-8526B73A2080}.Debug|Any CPU.Build.0 = Debug|Any CPU
		{7BE12FCB-2DF5-43AD-A9E9-8526B73A2080}.Release|Any CPU.ActiveCfg = Release|Any CPU
		{7BE12FCB-2DF5-43AD-A9E9-8526B73A2080}.Release|Any CPU.Build.0 = Release|Any CPU
		{F095C3BA-727D-4A31-9B49-4573F89CCC59}.Debug|Any CPU.ActiveCfg = Debug|Any CPU
		{F095C3BA-727D-4A31-9B49-4573F89CCC59}.Debug|Any CPU.Build.0 = Debug|Any CPU
		{F095C3BA-727D-4A31-9B49-4573F89CCC59}.Release|Any CPU.ActiveCfg = Release|Any CPU
		{F095C3BA-727D-4A31-9B49-4573F89CCC59}.Release|Any CPU.Build.0 = Release|Any CPU
	EndGlobalSection
	GlobalSection(SolutionProperties) = preSolution
		HideSolutionNode = FALSE
	EndGlobalSection
	GlobalSection(ExtensibilityGlobals) = postSolution
		SolutionGuid = {2AB93FC7-A5E6-4018-B420-60BCF30FA0C8}
	EndGlobalSection
EndGlobal
